
Microsoft Visual Studio Solution File, Format Version 12.00
Project("{2150E333-8FDC-42A3-9474-1A3956D46DE8}") = "General", "General", "{9C9A7B30-BFB1-42F1-92E4-B98BCD8FB2F6}"
EndProject
Project("{2150E333-8FDC-42A3-9474-1A3956D46DE8}") = "DotNet", "DotNet", "{28D9B9F5-A0CF-4852-A1E2-3B7C5D87EA05}"
EndProject
Project("{FAE04EC0-301F-11D3-BF4B-00C04F79EFBC}") = "P01_InaccurateTimestamping", "General\P01_InaccurateTimestamping\P01_InaccurateTimestamping.csproj", "{7302597F-17A8-4A96-A08B-FC54F0DE24C0}"
EndProject
Project("{FAE04EC0-301F-11D3-BF4B-00C04F79EFBC}") = "P02_Executing", "General\P02_Executing\P02_Executing.csproj", "{086EF1E7-356A-4168-9B45-08E8AEAA7228}"
EndProject
Project("{FAE04EC0-301F-11D3-BF4B-00C04F79EFBC}") = "P03_NaturalNoise", "General\P03_NaturalNoise\P03_NaturalNoise.csproj", "{4F9FADC0-CB2F-499C-9C49-655B36691230}"
EndProject
Project("{FAE04EC0-301F-11D3-BF4B-00C04F79EFBC}") = "P04_TrickyDistributions", "General\P04_TrickyDistributions\P04_TrickyDistributions.csproj", "{C1AE7DE2-926A-48AC-888B-8240B943C7AA}"
EndProject
Project("{FAE04EC0-301F-11D3-BF4B-00C04F79EFBC}") = "P05_ColdAndWarmStart", "General\P05_ColdAndWarmStart\P05_ColdAndWarmStart.csproj", "{FFF3A971-5F6C-47E2-938F-90FA3CCADB25}"
EndProject
Project("{FAE04EC0-301F-11D3-BF4B-00C04F79EFBC}") = "P06_Invocations", "General\P06_Invocations\P06_Invocations.csproj", "{FEF9017F-93EC-4333-B7EE-512DD37A2FDE}"
EndProject
Project("{FAE04EC0-301F-11D3-BF4B-00C04F79EFBC}") = "P07_InfrastructureOverhead", "General\P07_InfrastructureOverhead\P07_InfrastructureOverhead.csproj", "{2740E45B-142E-4FC4-AE49-1B31DB5D1CE3}"
EndProject
Project("{FAE04EC0-301F-11D3-BF4B-00C04F79EFBC}") = "P08_UnequalIterations", "General\P08_UnequalIterations\P08_UnequalIterations.csproj", "{A1CDA208-5073-4AC4-BC32-1D32EDFDE64D}"
EndProject
Project("{FAE04EC0-301F-11D3-BF4B-00C04F79EFBC}") = "P01_LoopUnrolling", "DotNet\P01_LoopUnrolling\P01_LoopUnrolling.csproj", "{106C13F7-70FA-4FF6-8F42-A49785213F31}"
EndProject
Project("{FAE04EC0-301F-11D3-BF4B-00C04F79EFBC}") = "P02_DeadCodeElimination", "DotNet\P02_DeadCodeElimination\P02_DeadCodeElimination.csproj", "{23BD06DE-998E-413F-964B-9389B69B52E1}"
EndProject
Project("{FAE04EC0-301F-11D3-BF4B-00C04F79EFBC}") = "P03_ConstantFolding", "DotNet\P03_ConstantFolding\P03_ConstantFolding.csproj", "{B25C5BF8-E883-4F20-9AA3-A12B2A773936}"
EndProject
Project("{FAE04EC0-301F-11D3-BF4B-00C04F79EFBC}") = "P04_BoundCheckElimination", "DotNet\P04_BoundCheckElimination\P04_BoundCheckElimination.csproj", "{0E867630-C391-44D2-A53D-DA7A4D925792}"
EndProject
Project("{FAE04EC0-301F-11D3-BF4B-00C04F79EFBC}") = "P05_Inlining", "DotNet\P05_Inlining\P05_Inlining.csproj", "{30576A85-A85C-4665-A59A-76214EE89595}"
EndProject
Project("{FAE04EC0-301F-11D3-BF4B-00C04F79EFBC}") = "P06_ConditionalJitting_Bad", "DotNet\P06_ConditionalJitting_Bad\P06_ConditionalJitting_Bad.csproj", "{37FDAE9F-926C-4AD7-AD91-2A9911C50F97}"
EndProject
Project("{FAE04EC0-301F-11D3-BF4B-00C04F79EFBC}") = "P06_ConditionalJitting_Better", "DotNet\P06_ConditionalJitting_Better\P06_ConditionalJitting_Better.csproj", "{454F8036-6422-47FF-9280-C8D1A18A84AD}"
EndProject
Project("{FAE04EC0-301F-11D3-BF4B-00C04F79EFBC}") = "P07_InterfaceMethodDispatching_Bad", "DotNet\P07_InterfaceMethodDispatching_Bad\P07_InterfaceMethodDispatching_Bad.csproj", "{5B00E186-3184-49EF-85D9-D967356B4FF6}"
EndProject
Project("{FAE04EC0-301F-11D3-BF4B-00C04F79EFBC}") = "P07_InterfaceMethodDispatching_Better1", "DotNet\P07_InterfaceMethodDispatching_Better1\P07_InterfaceMethodDispatching_Better1.csproj", "{65EE575A-A8F7-4D5A-9694-A4541641F74C}"
EndProject
Project("{FAE04EC0-301F-11D3-BF4B-00C04F79EFBC}") = "P07_InterfaceMethodDispatching_Better2", "DotNet\P07_InterfaceMethodDispatching_Better2\P07_InterfaceMethodDispatching_Better2.csproj", "{1D3F25D1-355E-48B0-8945-1BE612017DD4}"
EndProject
Global
	GlobalSection(SolutionConfigurationPlatforms) = preSolution
		Debug|Any CPU = Debug|Any CPU
		Release|Any CPU = Release|Any CPU
	EndGlobalSection
	GlobalSection(NestedProjects) = preSolution
		{7302597F-17A8-4A96-A08B-FC54F0DE24C0} = {9C9A7B30-BFB1-42F1-92E4-B98BCD8FB2F6}
		{086EF1E7-356A-4168-9B45-08E8AEAA7228} = {9C9A7B30-BFB1-42F1-92E4-B98BCD8FB2F6}
		{4F9FADC0-CB2F-499C-9C49-655B36691230} = {9C9A7B30-BFB1-42F1-92E4-B98BCD8FB2F6}
		{C1AE7DE2-926A-48AC-888B-8240B943C7AA} = {9C9A7B30-BFB1-42F1-92E4-B98BCD8FB2F6}
		{FFF3A971-5F6C-47E2-938F-90FA3CCADB25} = {9C9A7B30-BFB1-42F1-92E4-B98BCD8FB2F6}
		{FEF9017F-93EC-4333-B7EE-512DD37A2FDE} = {9C9A7B30-BFB1-42F1-92E4-B98BCD8FB2F6}
		{2740E45B-142E-4FC4-AE49-1B31DB5D1CE3} = {9C9A7B30-BFB1-42F1-92E4-B98BCD8FB2F6}
		{A1CDA208-5073-4AC4-BC32-1D32EDFDE64D} = {9C9A7B30-BFB1-42F1-92E4-B98BCD8FB2F6}
		{106C13F7-70FA-4FF6-8F42-A49785213F31} = {28D9B9F5-A0CF-4852-A1E2-3B7C5D87EA05}
		{23BD06DE-998E-413F-964B-9389B69B52E1} = {28D9B9F5-A0CF-4852-A1E2-3B7C5D87EA05}
		{B25C5BF8-E883-4F20-9AA3-A12B2A773936} = {28D9B9F5-A0CF-4852-A1E2-3B7C5D87EA05}
		{0E867630-C391-44D2-A53D-DA7A4D925792} = {28D9B9F5-A0CF-4852-A1E2-3B7C5D87EA05}
		{30576A85-A85C-4665-A59A-76214EE89595} = {28D9B9F5-A0CF-4852-A1E2-3B7C5D87EA05}
		{37FDAE9F-926C-4AD7-AD91-2A9911C50F97} = {28D9B9F5-A0CF-4852-A1E2-3B7C5D87EA05}
		{454F8036-6422-47FF-9280-C8D1A18A84AD} = {28D9B9F5-A0CF-4852-A1E2-3B7C5D87EA05}
		{5B00E186-3184-49EF-85D9-D967356B4FF6} = {28D9B9F5-A0CF-4852-A1E2-3B7C5D87EA05}
		{65EE575A-A8F7-4D5A-9694-A4541641F74C} = {28D9B9F5-A0CF-4852-A1E2-3B7C5D87EA05}
		{1D3F25D1-355E-48B0-8945-1BE612017DD4} = {28D9B9F5-A0CF-4852-A1E2-3B7C5D87EA05}
	EndGlobalSection
	GlobalSection(ProjectConfigurationPlatforms) = postSolution
		{7302597F-17A8-4A96-A08B-FC54F0DE24C0}.Debug|Any CPU.ActiveCfg = Debug|Any CPU
		{7302597F-17A8-4A96-A08B-FC54F0DE24C0}.Debug|Any CPU.Build.0 = Debug|Any CPU
		{7302597F-17A8-4A96-A08B-FC54F0DE24C0}.Release|Any CPU.ActiveCfg = Release|Any CPU
		{7302597F-17A8-4A96-A08B-FC54F0DE24C0}.Release|Any CPU.Build.0 = Release|Any CPU
		{086EF1E7-356A-4168-9B45-08E8AEAA7228}.Debug|Any CPU.ActiveCfg = Debug|Any CPU
		{086EF1E7-356A-4168-9B45-08E8AEAA7228}.Debug|Any CPU.Build.0 = Debug|Any CPU
		{086EF1E7-356A-4168-9B45-08E8AEAA7228}.Release|Any CPU.ActiveCfg = Release|Any CPU
		{086EF1E7-356A-4168-9B45-08E8AEAA7228}.Release|Any CPU.Build.0 = Release|Any CPU
		{4F9FADC0-CB2F-499C-9C49-655B36691230}.Debug|Any CPU.ActiveCfg = Debug|Any CPU
		{4F9FADC0-CB2F-499C-9C49-655B36691230}.Debug|Any CPU.Build.0 = Debug|Any CPU
		{4F9FADC0-CB2F-499C-9C49-655B36691230}.Release|Any CPU.ActiveCfg = Release|Any CPU
		{4F9FADC0-CB2F-499C-9C49-655B36691230}.Release|Any CPU.Build.0 = Release|Any CPU
		{C1AE7DE2-926A-48AC-888B-8240B943C7AA}.Debug|Any CPU.ActiveCfg = Debug|Any CPU
		{C1AE7DE2-926A-48AC-888B-8240B943C7AA}.Debug|Any CPU.Build.0 = Debug|Any CPU
		{C1AE7DE2-926A-48AC-888B-8240B943C7AA}.Release|Any CPU.ActiveCfg = Release|Any CPU
		{C1AE7DE2-926A-48AC-888B-8240B943C7AA}.Release|Any CPU.Build.0 = Release|Any CPU
		{FFF3A971-5F6C-47E2-938F-90FA3CCADB25}.Debug|Any CPU.ActiveCfg = Debug|Any CPU
		{FFF3A971-5F6C-47E2-938F-90FA3CCADB25}.Debug|Any CPU.Build.0 = Debug|Any CPU
		{FFF3A971-5F6C-47E2-938F-90FA3CCADB25}.Release|Any CPU.ActiveCfg = Release|Any CPU
		{FFF3A971-5F6C-47E2-938F-90FA3CCADB25}.Release|Any CPU.Build.0 = Release|Any CPU
		{FEF9017F-93EC-4333-B7EE-512DD37A2FDE}.Debug|Any CPU.ActiveCfg = Debug|Any CPU
		{FEF9017F-93EC-4333-B7EE-512DD37A2FDE}.Debug|Any CPU.Build.0 = Debug|Any CPU
		{FEF9017F-93EC-4333-B7EE-512DD37A2FDE}.Release|Any CPU.ActiveCfg = Release|Any CPU
		{FEF9017F-93EC-4333-B7EE-512DD37A2FDE}.Release|Any CPU.Build.0 = Release|Any CPU
		{2740E45B-142E-4FC4-AE49-1B31DB5D1CE3}.Debug|Any CPU.ActiveCfg = Debug|Any CPU
		{2740E45B-142E-4FC4-AE49-1B31DB5D1CE3}.Debug|Any CPU.Build.0 = Debug|Any CPU
		{2740E45B-142E-4FC4-AE49-1B31DB5D1CE3}.Release|Any CPU.ActiveCfg = Release|Any CPU
		{2740E45B-142E-4FC4-AE49-1B31DB5D1CE3}.Release|Any CPU.Build.0 = Release|Any CPU
		{A1CDA208-5073-4AC4-BC32-1D32EDFDE64D}.Debug|Any CPU.ActiveCfg = Debug|Any CPU
		{A1CDA208-5073-4AC4-BC32-1D32EDFDE64D}.Debug|Any CPU.Build.0 = Debug|Any CPU
		{A1CDA208-5073-4AC4-BC32-1D32EDFDE64D}.Release|Any CPU.ActiveCfg = Release|Any CPU
		{A1CDA208-5073-4AC4-BC32-1D32EDFDE64D}.Release|Any CPU.Build.0 = Release|Any CPU
		{106C13F7-70FA-4FF6-8F42-A49785213F31}.Debug|Any CPU.ActiveCfg = Debug|Any CPU
		{106C13F7-70FA-4FF6-8F42-A49785213F31}.Debug|Any CPU.Build.0 = Debug|Any CPU
		{106C13F7-70FA-4FF6-8F42-A49785213F31}.Release|Any CPU.ActiveCfg = Release|Any CPU
		{106C13F7-70FA-4FF6-8F42-A49785213F31}.Release|Any CPU.Build.0 = Release|Any CPU
		{23BD06DE-998E-413F-964B-9389B69B52E1}.Debug|Any CPU.ActiveCfg = Debug|Any CPU
		{23BD06DE-998E-413F-964B-9389B69B52E1}.Debug|Any CPU.Build.0 = Debug|Any CPU
		{23BD06DE-998E-413F-964B-9389B69B52E1}.Release|Any CPU.ActiveCfg = Release|Any CPU
		{23BD06DE-998E-413F-964B-9389B69B52E1}.Release|Any CPU.Build.0 = Release|Any CPU
		{B25C5BF8-E883-4F20-9AA3-A12B2A773936}.Debug|Any CPU.ActiveCfg = Debug|Any CPU
		{B25C5BF8-E883-4F20-9AA3-A12B2A773936}.Debug|Any CPU.Build.0 = Debug|Any CPU
		{B25C5BF8-E883-4F20-9AA3-A12B2A773936}.Release|Any CPU.ActiveCfg = Release|Any CPU
		{B25C5BF8-E883-4F20-9AA3-A12B2A773936}.Release|Any CPU.Build.0 = Release|Any CPU
		{0E867630-C391-44D2-A53D-DA7A4D925792}.Debug|Any CPU.ActiveCfg = Debug|Any CPU
		{0E867630-C391-44D2-A53D-DA7A4D925792}.Debug|Any CPU.Build.0 = Debug|Any CPU
		{0E867630-C391-44D2-A53D-DA7A4D925792}.Release|Any CPU.ActiveCfg = Release|Any CPU
		{0E867630-C391-44D2-A53D-DA7A4D925792}.Release|Any CPU.Build.0 = Release|Any CPU
		{30576A85-A85C-4665-A59A-76214EE89595}.Debug|Any CPU.ActiveCfg = Debug|Any CPU
		{30576A85-A85C-4665-A59A-76214EE89595}.Debug|Any CPU.Build.0 = Debug|Any CPU
		{30576A85-A85C-4665-A59A-76214EE89595}.Release|Any CPU.ActiveCfg = Release|Any CPU
		{30576A85-A85C-4665-A59A-76214EE89595}.Release|Any CPU.Build.0 = Release|Any CPU
		{37FDAE9F-926C-4AD7-AD91-2A9911C50F97}.Debug|Any CPU.ActiveCfg = Debug|Any CPU
		{37FDAE9F-926C-4AD7-AD91-2A9911C50F97}.Debug|Any CPU.Build.0 = Debug|Any CPU
		{37FDAE9F-926C-4AD7-AD91-2A9911C50F97}.Release|Any CPU.ActiveCfg = Release|Any CPU
		{37FDAE9F-926C-4AD7-AD91-2A9911C50F97}.Release|Any CPU.Build.0 = Release|Any CPU
		{454F8036-6422-47FF-9280-C8D1A18A84AD}.Debug|Any CPU.ActiveCfg = Debug|Any CPU
		{454F8036-6422-47FF-9280-C8D1A18A84AD}.Debug|Any CPU.Build.0 = Debug|Any CPU
		{454F8036-6422-47FF-9280-C8D1A18A84AD}.Release|Any CPU.ActiveCfg = Release|Any CPU
		{454F8036-6422-47FF-9280-C8D1A18A84AD}.Release|Any CPU.Build.0 = Release|Any CPU
		{5B00E186-3184-49EF-85D9-D967356B4FF6}.Debug|Any CPU.ActiveCfg = Debug|Any CPU
		{5B00E186-3184-49EF-85D9-D967356B4FF6}.Debug|Any CPU.Build.0 = Debug|Any CPU
		{5B00E186-3184-49EF-85D9-D967356B4FF6}.Release|Any CPU.ActiveCfg = Release|Any CPU
		{5B00E186-3184-49EF-85D9-D967356B4FF6}.Release|Any CPU.Build.0 = Release|Any CPU
		{65EE575A-A8F7-4D5A-9694-A4541641F74C}.Debug|Any CPU.ActiveCfg = Debug|Any CPU
		{65EE575A-A8F7-4D5A-9694-A4541641F74C}.Debug|Any CPU.Build.0 = Debug|Any CPU
		{65EE575A-A8F7-4D5A-9694-A4541641F74C}.Release|Any CPU.ActiveCfg = Release|Any CPU
		{65EE575A-A8F7-4D5A-9694-A4541641F74C}.Release|Any CPU.Build.0 = Release|Any CPU
		{1D3F25D1-355E-48B0-8945-1BE612017DD4}.Debug|Any CPU.ActiveCfg = Debug|Any CPU
		{1D3F25D1-355E-48B0-8945-1BE612017DD4}.Debug|Any CPU.Build.0 = Debug|Any CPU
		{1D3F25D1-355E-48B0-8945-1BE612017DD4}.Release|Any CPU.ActiveCfg = Release|Any CPU
		{1D3F25D1-355E-48B0-8945-1BE612017DD4}.Release|Any CPU.Build.0 = Release|Any CPU
	EndGlobalSection
EndGlobal
