
Microsoft Visual Studio Solution File, Format Version 12.00
Project("{FAE04EC0-301F-11D3-BF4B-00C04F79EFBC}") = "Cache2", "Cache2\Cache2.csproj", "{638183BC-F71F-4469-A693-181FFBF465F7}"
EndProject
Project("{FAE04EC0-301F-11D3-BF4B-00C04F79EFBC}") = "Cache3", "Cache3\Cache3.csproj", "{0F6BA771-7A0B-45ED-A614-3FC225AEB0D9}"
EndProject
Project("{FAE04EC0-301F-11D3-BF4B-00C04F79EFBC}") = "Cache1", "Cache1\Cache1.csproj", "{CC7F4F19-D16A-4AF9-9EE7-CB3018627E72}"
EndProject
Project("{FAE04EC0-301F-11D3-BF4B-00C04F79EFBC}") = "Layout2", "Layout2\Layout2.csproj", "{B1DA7523-6A1B-4CC4-9F27-BAC7BDA759D0}"
EndProject
Project("{FAE04EC0-301F-11D3-BF4B-00C04F79EFBC}") = "Cache4", "Cache4\Cache4.csproj", "{9886B448-002B-45B4-941A-09C3EAEF05D3}"
EndProject
Project("{FAE04EC0-301F-11D3-BF4B-00C04F79EFBC}") = "Layout1", "Layout1\Layout1.csproj", "{ADD0AF31-458C-4BA7-9A93-D90BD0DFEB5B}"
EndProject
Project("{FAE04EC0-301F-11D3-BF4B-00C04F79EFBC}") = "Layout4", "Layout4\Layout4.csproj", "{906A9DC6-55D9-4369-81A7-28D3FB8CD3AA}"
EndProject
Project("{FAE04EC0-301F-11D3-BF4B-00C04F79EFBC}") = "Layout3", "Layout3\Layout3.csproj", "{3F3FD605-AE5F-4702-AF56-F79A7C840166}"
EndProject
Project("{FAE04EC0-301F-11D3-BF4B-00C04F79EFBC}") = "Gc1", "Gc1\Gc1.csproj", "{5F5FD8D4-07E9-4321-BE01-79BD73229877}"
EndProject
Project("{FAE04EC0-301F-11D3-BF4B-00C04F79EFBC}") = "Gc2", "Gc2\Gc2.csproj", "{ABA013B2-1582-41BD-818F-924F317D005D}"
EndProject
Project("{FAE04EC0-301F-11D3-BF4B-00C04F79EFBC}") = "Gc3", "Gc3\Gc3.csproj", "{F905DBC3-0585-43ED-A52A-A9831C6E4FD5}"
EndProject
Project("{FAE04EC0-301F-11D3-BF4B-00C04F79EFBC}") = "Gc4", "Gc4\Gc4.csproj", "{FD23F93F-3466-4553-BD00-FB2AFE5E7998}"
EndProject
Global
	GlobalSection(SolutionConfigurationPlatforms) = preSolution
		Debug|Any CPU = Debug|Any CPU
		Release|Any CPU = Release|Any CPU
	EndGlobalSection
	GlobalSection(ProjectConfigurationPlatforms) = postSolution
		{638183BC-F71F-4469-A693-181FFBF465F7}.Debug|Any CPU.ActiveCfg = Debug|Any CPU
		{638183BC-F71F-4469-A693-181FFBF465F7}.Debug|Any CPU.Build.0 = Debug|Any CPU
		{638183BC-F71F-4469-A693-181FFBF465F7}.Release|Any CPU.ActiveCfg = Release|Any CPU
		{638183BC-F71F-4469-A693-181FFBF465F7}.Release|Any CPU.Build.0 = Release|Any CPU
		{0F6BA771-7A0B-45ED-A614-3FC225AEB0D9}.Debug|Any CPU.ActiveCfg = Debug|Any CPU
		{0F6BA771-7A0B-45ED-A614-3FC225AEB0D9}.Debug|Any CPU.Build.0 = Debug|Any CPU
		{0F6BA771-7A0B-45ED-A614-3FC225AEB0D9}.Release|Any CPU.ActiveCfg = Release|Any CPU
		{0F6BA771-7A0B-45ED-A614-3FC225AEB0D9}.Release|Any CPU.Build.0 = Release|Any CPU
		{CC7F4F19-D16A-4AF9-9EE7-CB3018627E72}.Debug|Any CPU.ActiveCfg = Debug|Any CPU
		{CC7F4F19-D16A-4AF9-9EE7-CB3018627E72}.Debug|Any CPU.Build.0 = Debug|Any CPU
		{CC7F4F19-D16A-4AF9-9EE7-CB3018627E72}.Release|Any CPU.ActiveCfg = Release|Any CPU
		{CC7F4F19-D16A-4AF9-9EE7-CB3018627E72}.Release|Any CPU.Build.0 = Release|Any CPU
		{B1DA7523-6A1B-4CC4-9F27-BAC7BDA759D0}.Debug|Any CPU.ActiveCfg = Debug|Any CPU
		{B1DA7523-6A1B-4CC4-9F27-BAC7BDA759D0}.Debug|Any CPU.Build.0 = Debug|Any CPU
		{B1DA7523-6A1B-4CC4-9F27-BAC7BDA759D0}.Release|Any CPU.ActiveCfg = Release|Any CPU
		{B1DA7523-6A1B-4CC4-9F27-BAC7BDA759D0}.Release|Any CPU.Build.0 = Release|Any CPU
		{9886B448-002B-45B4-941A-09C3EAEF05D3}.Debug|Any CPU.ActiveCfg = Debug|Any CPU
		{9886B448-002B-45B4-941A-09C3EAEF05D3}.Debug|Any CPU.Build.0 = Debug|Any CPU
		{9886B448-002B-45B4-941A-09C3EAEF05D3}.Release|Any CPU.ActiveCfg = Release|Any CPU
		{9886B448-002B-45B4-941A-09C3EAEF05D3}.Release|Any CPU.Build.0 = Release|Any CPU
		{ADD0AF31-458C-4BA7-9A93-D90BD0DFEB5B}.Debug|Any CPU.ActiveCfg = Debug|Any CPU
		{ADD0AF31-458C-4BA7-9A93-D90BD0DFEB5B}.Debug|Any CPU.Build.0 = Debug|Any CPU
		{ADD0AF31-458C-4BA7-9A93-D90BD0DFEB5B}.Release|Any CPU.ActiveCfg = Release|Any CPU
		{ADD0AF31-458C-4BA7-9A93-D90BD0DFEB5B}.Release|Any CPU.Build.0 = Release|Any CPU
		{906A9DC6-55D9-4369-81A7-28D3FB8CD3AA}.Debug|Any CPU.ActiveCfg = Debug|Any CPU
		{906A9DC6-55D9-4369-81A7-28D3FB8CD3AA}.Debug|Any CPU.Build.0 = Debug|Any CPU
		{906A9DC6-55D9-4369-81A7-28D3FB8CD3AA}.Release|Any CPU.ActiveCfg = Release|Any CPU
		{906A9DC6-55D9-4369-81A7-28D3FB8CD3AA}.Release|Any CPU.Build.0 = Release|Any CPU
		{3F3FD605-AE5F-4702-AF56-F79A7C840166}.Debug|Any CPU.ActiveCfg = Debug|Any CPU
		{3F3FD605-AE5F-4702-AF56-F79A7C840166}.Debug|Any CPU.Build.0 = Debug|Any CPU
		{3F3FD605-AE5F-4702-AF56-F79A7C840166}.Release|Any CPU.ActiveCfg = Release|Any CPU
		{3F3FD605-AE5F-4702-AF56-F79A7C840166}.Release|Any CPU.Build.0 = Release|Any CPU
		{5F5FD8D4-07E9-4321-BE01-79BD73229877}.Debug|Any CPU.ActiveCfg = Debug|Any CPU
		{5F5FD8D4-07E9-4321-BE01-79BD73229877}.Debug|Any CPU.Build.0 = Debug|Any CPU
		{5F5FD8D4-07E9-4321-BE01-79BD73229877}.Release|Any CPU.ActiveCfg = Release|Any CPU
		{5F5FD8D4-07E9-4321-BE01-79BD73229877}.Release|Any CPU.Build.0 = Release|Any CPU
		{ABA013B2-1582-41BD-818F-924F317D005D}.Debug|Any CPU.ActiveCfg = Debug|Any CPU
		{ABA013B2-1582-41BD-818F-924F317D005D}.Debug|Any CPU.Build.0 = Debug|Any CPU
		{ABA013B2-1582-41BD-818F-924F317D005D}.Release|Any CPU.ActiveCfg = Release|Any CPU
		{ABA013B2-1582-41BD-818F-924F317D005D}.Release|Any CPU.Build.0 = Release|Any CPU
		{F905DBC3-0585-43ED-A52A-A9831C6E4FD5}.Debug|Any CPU.ActiveCfg = Debug|Any CPU
		{F905DBC3-0585-43ED-A52A-A9831C6E4FD5}.Debug|Any CPU.Build.0 = Debug|Any CPU
		{F905DBC3-0585-43ED-A52A-A9831C6E4FD5}.Release|Any CPU.ActiveCfg = Release|Any CPU
		{F905DBC3-0585-43ED-A52A-A9831C6E4FD5}.Release|Any CPU.Build.0 = Release|Any CPU
		{FD23F93F-3466-4553-BD00-FB2AFE5E7998}.Debug|Any CPU.ActiveCfg = Debug|Any CPU
		{FD23F93F-3466-4553-BD00-FB2AFE5E7998}.Debug|Any CPU.Build.0 = Debug|Any CPU
		{FD23F93F-3466-4553-BD00-FB2AFE5E7998}.Release|Any CPU.ActiveCfg = Release|Any CPU
		{FD23F93F-3466-4553-BD00-FB2AFE5E7998}.Release|Any CPU.Build.0 = Release|Any CPU
	EndGlobalSection
EndGlobal
